
Microsoft Visual Studio Solution File, Format Version 12.00
# Visual Studio Version 17
VisualStudioVersion = 17.9.34728.123
MinimumVisualStudioVersion = 10.0.40219.1
Project("{8BC9CEB8-8B4A-11D0-8D11-00A0C91BC942}") = "MT3_02_05", "MT3_02_05.vcxproj", "{0329B782-4DF8-4C28-8EDD-12108ABB30E6}"
EndProject
Global
	GlobalSection(SolutionConfigurationPlatforms) = preSolution
		Debug|x64 = Debug|x64
		Release|x64 = Release|x64
	EndGlobalSection
	GlobalSection(ProjectConfigurationPlatforms) = postSolution
		{0329B782-4DF8-4C28-8EDD-12108ABB30E6}.Debug|x64.ActiveCfg = Debug|x64
		{0329B782-4DF8-4C28-8EDD-12108ABB30E6}.Debug|x64.Build.0 = Debug|x64
		{0329B782-4DF8-4C28-8EDD-12108ABB30E6}.Release|x64.ActiveCfg = Release|x64
		{0329B782-4DF8-4C28-8EDD-12108ABB30E6}.Release|x64.Build.0 = Release|x64
	EndGlobalSection
	GlobalSection(SolutionProperties) = preSolution
		HideSolutionNode = FALSE
	EndGlobalSection
	GlobalSection(ExtensibilityGlobals) = postSolution
		SolutionGuid = {F2AF4761-6E44-485E-B371-9FEBAD33255E}
	EndGlobalSection
EndGlobal
